
Microsoft Visual Studio Solution File, Format Version 12.00
# Visual Studio Version 17
VisualStudioVersion = 17.13.35931.197 d17.13
MinimumVisualStudioVersion = 10.0.40219.1
Project("{FAE04EC0-301F-11D3-BF4B-00C04F79EFBC}") = "sCotizacion", "sCotizacion\sCotizacion.csproj", "{40EC6C55-EA8F-4E52-B11E-77F037A76B41}"
EndProject
Global
	GlobalSection(SolutionConfigurationPlatforms) = preSolution
		Debug|Any CPU = Debug|Any CPU
		Release|Any CPU = Release|Any CPU
	EndGlobalSection
	GlobalSection(ProjectConfigurationPlatforms) = postSolution
		{40EC6C55-EA8F-4E52-B11E-77F037A76B41}.Debug|Any CPU.ActiveCfg = Debug|Any CPU
		{40EC6C55-EA8F-4E52-B11E-77F037A76B41}.Debug|Any CPU.Build.0 = Debug|Any CPU
		{40EC6C55-EA8F-4E52-B11E-77F037A76B41}.Release|Any CPU.ActiveCfg = Release|Any CPU
		{40EC6C55-EA8F-4E52-B11E-77F037A76B41}.Release|Any CPU.Build.0 = Release|Any CPU
	EndGlobalSection
	GlobalSection(SolutionProperties) = preSolution
		HideSolutionNode = FALSE
	EndGlobalSection
	GlobalSection(ExtensibilityGlobals) = postSolution
		SolutionGuid = {E9724ACE-7D49-42D5-A83D-4499B4FA9224}
	EndGlobalSection
EndGlobal
